// !$*UTF8*$!
{
	archiveVersion = 1;
	classes = {
	};
	objectVersion = 55;
	objects = {

/* Begin PBXBuildFile section */
		4616F8CE29A0D6FB0040ED6F /* GetGasStationsUseCase.swift in Sources */ = {isa = PBXBuildFile; fileRef = 4616F8CD29A0D6FB0040ED6F /* GetGasStationsUseCase.swift */; };
		4616F8D029A0D8FC0040ED6F /* GasStationListViewModel.swift in Sources */ = {isa = PBXBuildFile; fileRef = 4616F8CF29A0D8FC0040ED6F /* GasStationListViewModel.swift */; };
		463F5FC729773126003C9E39 /* Endpoint.swift in Sources */ = {isa = PBXBuildFile; fileRef = 463F5FC629773126003C9E39 /* Endpoint.swift */; };
		463F5FC929773144003C9E39 /* HttpClient.swift in Sources */ = {isa = PBXBuildFile; fileRef = 463F5FC829773144003C9E39 /* HttpClient.swift */; };
		463F5FCB2977315C003C9E39 /* RequestError.swift in Sources */ = {isa = PBXBuildFile; fileRef = 463F5FCA2977315C003C9E39 /* RequestError.swift */; };
		466B990B2979C24800C9F4DF /* DataManager.swift in Sources */ = {isa = PBXBuildFile; fileRef = 466B990A2979C24800C9F4DF /* DataManager.swift */; };
		466B990D2979C2A800C9F4DF /* RealmDataManager.swift in Sources */ = {isa = PBXBuildFile; fileRef = 466B990C2979C2A800C9F4DF /* RealmDataManager.swift */; };
		46E1FC902979CCDA009FAE81 /* GasStationList.swift in Sources */ = {isa = PBXBuildFile; fileRef = 46E1FC8F2979CCDA009FAE81 /* GasStationList.swift */; };
		46E1FC942979CD75009FAE81 /* Configuration.xcconfig in Resources */ = {isa = PBXBuildFile; fileRef = 46E1FC932979CD75009FAE81 /* Configuration.xcconfig */; };
		46E1FC982979CE4D009FAE81 /* Configuration.swift in Sources */ = {isa = PBXBuildFile; fileRef = 46E1FC972979CE4D009FAE81 /* Configuration.swift */; };
		46F3890C297C541F0090A5CB /* DefaultGasStationRepository.swift in Sources */ = {isa = PBXBuildFile; fileRef = 46F3890B297C541F0090A5CB /* DefaultGasStationRepository.swift */; };
		46F38910297C544A0090A5CB /* GasStationRepository.swift in Sources */ = {isa = PBXBuildFile; fileRef = 46F3890F297C544A0090A5CB /* GasStationRepository.swift */; };
		46F38913297C577B0090A5CB /* GasStationEndpoint.swift in Sources */ = {isa = PBXBuildFile; fileRef = 46F38912297C577B0090A5CB /* GasStationEndpoint.swift */; };
		46F38917297C59D10090A5CB /* GetAllResponseDTO.swift in Sources */ = {isa = PBXBuildFile; fileRef = 46F38916297C59D10090A5CB /* GetAllResponseDTO.swift */; };
		46F3891A297C5B260090A5CB /* GasStation.swift in Sources */ = {isa = PBXBuildFile; fileRef = 46F38919297C5B260090A5CB /* GasStation.swift */; };
		46F74A4C296DEFE8002BFF64 /* FuelPumpApp.swift in Sources */ = {isa = PBXBuildFile; fileRef = 46F74A4B296DEFE8002BFF64 /* FuelPumpApp.swift */; };
		46F74A4E296DEFE8002BFF64 /* ContentView.swift in Sources */ = {isa = PBXBuildFile; fileRef = 46F74A4D296DEFE8002BFF64 /* ContentView.swift */; };
		46F74A50296DEFE9002BFF64 /* Assets.xcassets in Resources */ = {isa = PBXBuildFile; fileRef = 46F74A4F296DEFE9002BFF64 /* Assets.xcassets */; };
		46F74A53296DEFE9002BFF64 /* Preview Assets.xcassets in Resources */ = {isa = PBXBuildFile; fileRef = 46F74A52296DEFE9002BFF64 /* Preview Assets.xcassets */; };
		46F74A5F296DF8D8002BFF64 /* Localizable.strings in Resources */ = {isa = PBXBuildFile; fileRef = 46F74A61296DF8D8002BFF64 /* Localizable.strings */; };
		F3C3A94A5C1F3A12C384F3B5 /* Pods_FuelPump.framework in Frameworks */ = {isa = PBXBuildFile; fileRef = 9DBD40EE42B600023C4EEC89 /* Pods_FuelPump.framework */; };
/* End PBXBuildFile section */

/* Begin PBXFileReference section */
		17292A1E84FAC8A59E910957 /* Pods-FuelPump.debug.xcconfig */ = {isa = PBXFileReference; includeInIndex = 1; lastKnownFileType = text.xcconfig; name = "Pods-FuelPump.debug.xcconfig"; path = "Target Support Files/Pods-FuelPump/Pods-FuelPump.debug.xcconfig"; sourceTree = "<group>"; };
		4616F8CD29A0D6FB0040ED6F /* GetGasStationsUseCase.swift */ = {isa = PBXFileReference; lastKnownFileType = sourcecode.swift; path = GetGasStationsUseCase.swift; sourceTree = "<group>"; };
		4616F8CF29A0D8FC0040ED6F /* GasStationListViewModel.swift */ = {isa = PBXFileReference; lastKnownFileType = sourcecode.swift; path = GasStationListViewModel.swift; sourceTree = "<group>"; };
		463F5FC629773126003C9E39 /* Endpoint.swift */ = {isa = PBXFileReference; lastKnownFileType = sourcecode.swift; path = Endpoint.swift; sourceTree = "<group>"; };
		463F5FC829773144003C9E39 /* HttpClient.swift */ = {isa = PBXFileReference; lastKnownFileType = sourcecode.swift; path = HttpClient.swift; sourceTree = "<group>"; };
		463F5FCA2977315C003C9E39 /* RequestError.swift */ = {isa = PBXFileReference; lastKnownFileType = sourcecode.swift; path = RequestError.swift; sourceTree = "<group>"; };
		466B990A2979C24800C9F4DF /* DataManager.swift */ = {isa = PBXFileReference; lastKnownFileType = sourcecode.swift; path = DataManager.swift; sourceTree = "<group>"; };
		466B990C2979C2A800C9F4DF /* RealmDataManager.swift */ = {isa = PBXFileReference; lastKnownFileType = sourcecode.swift; path = RealmDataManager.swift; sourceTree = "<group>"; };
		46E1FC8F2979CCDA009FAE81 /* GasStationList.swift */ = {isa = PBXFileReference; lastKnownFileType = sourcecode.swift; path = GasStationList.swift; sourceTree = "<group>"; };
		46E1FC932979CD75009FAE81 /* Configuration.xcconfig */ = {isa = PBXFileReference; lastKnownFileType = text.xcconfig; path = Configuration.xcconfig; sourceTree = "<group>"; };
		46E1FC952979CDDC009FAE81 /* Info.plist */ = {isa = PBXFileReference; lastKnownFileType = text.plist.xml; path = Info.plist; sourceTree = "<group>"; };
		46E1FC972979CE4D009FAE81 /* Configuration.swift */ = {isa = PBXFileReference; lastKnownFileType = sourcecode.swift; path = Configuration.swift; sourceTree = "<group>"; };
		46F3890B297C541F0090A5CB /* DefaultGasStationRepository.swift */ = {isa = PBXFileReference; lastKnownFileType = sourcecode.swift; path = DefaultGasStationRepository.swift; sourceTree = "<group>"; };
		46F3890F297C544A0090A5CB /* GasStationRepository.swift */ = {isa = PBXFileReference; lastKnownFileType = sourcecode.swift; path = GasStationRepository.swift; sourceTree = "<group>"; };
		46F38912297C577B0090A5CB /* GasStationEndpoint.swift */ = {isa = PBXFileReference; lastKnownFileType = sourcecode.swift; path = GasStationEndpoint.swift; sourceTree = "<group>"; };
		46F38916297C59D10090A5CB /* GetAllResponseDTO.swift */ = {isa = PBXFileReference; lastKnownFileType = sourcecode.swift; path = GetAllResponseDTO.swift; sourceTree = "<group>"; };
		46F38919297C5B260090A5CB /* GasStation.swift */ = {isa = PBXFileReference; lastKnownFileType = sourcecode.swift; path = GasStation.swift; sourceTree = "<group>"; };
		46F74A48296DEFE8002BFF64 /* FuelPump.app */ = {isa = PBXFileReference; explicitFileType = wrapper.application; includeInIndex = 0; path = FuelPump.app; sourceTree = BUILT_PRODUCTS_DIR; };
		46F74A4B296DEFE8002BFF64 /* FuelPumpApp.swift */ = {isa = PBXFileReference; lastKnownFileType = sourcecode.swift; path = FuelPumpApp.swift; sourceTree = "<group>"; };
		46F74A4D296DEFE8002BFF64 /* ContentView.swift */ = {isa = PBXFileReference; lastKnownFileType = sourcecode.swift; path = ContentView.swift; sourceTree = "<group>"; };
		46F74A4F296DEFE9002BFF64 /* Assets.xcassets */ = {isa = PBXFileReference; lastKnownFileType = folder.assetcatalog; path = Assets.xcassets; sourceTree = "<group>"; };
		46F74A52296DEFE9002BFF64 /* Preview Assets.xcassets */ = {isa = PBXFileReference; lastKnownFileType = folder.assetcatalog; path = "Preview Assets.xcassets"; sourceTree = "<group>"; };
		46F74A60296DF8D8002BFF64 /* en */ = {isa = PBXFileReference; lastKnownFileType = text.plist.strings; name = en; path = en.lproj/Localizable.strings; sourceTree = "<group>"; };
		46F74A62296DF8DB002BFF64 /* es */ = {isa = PBXFileReference; lastKnownFileType = text.plist.strings; name = es; path = es.lproj/Localizable.strings; sourceTree = "<group>"; };
		9DBD40EE42B600023C4EEC89 /* Pods_FuelPump.framework */ = {isa = PBXFileReference; explicitFileType = wrapper.framework; includeInIndex = 0; path = Pods_FuelPump.framework; sourceTree = BUILT_PRODUCTS_DIR; };
		C53F06939E8113B7B5E23F20 /* Pods-FuelPump.release.xcconfig */ = {isa = PBXFileReference; includeInIndex = 1; lastKnownFileType = text.xcconfig; name = "Pods-FuelPump.release.xcconfig"; path = "Target Support Files/Pods-FuelPump/Pods-FuelPump.release.xcconfig"; sourceTree = "<group>"; };
/* End PBXFileReference section */

/* Begin PBXFrameworksBuildPhase section */
		46F74A45296DEFE8002BFF64 /* Frameworks */ = {
			isa = PBXFrameworksBuildPhase;
			buildActionMask = 2147483647;
			files = (
				F3C3A94A5C1F3A12C384F3B5 /* Pods_FuelPump.framework in Frameworks */,
			);
			runOnlyForDeploymentPostprocessing = 0;
		};
/* End PBXFrameworksBuildPhase section */

/* Begin PBXGroup section */
		0876D39ED2821AAF4EA44378 /* Pods */ = {
			isa = PBXGroup;
			children = (
				17292A1E84FAC8A59E910957 /* Pods-FuelPump.debug.xcconfig */,
				C53F06939E8113B7B5E23F20 /* Pods-FuelPump.release.xcconfig */,
			);
			path = Pods;
			sourceTree = "<group>";
		};
		463F5FC429773105003C9E39 /* Infrastructure */ = {
			isa = PBXGroup;
			children = (
				466B99092979C22A00C9F4DF /* Persistence */,
				463F5FC529773111003C9E39 /* Network */,
			);
			path = Infrastructure;
			sourceTree = "<group>";
		};
		463F5FC529773111003C9E39 /* Network */ = {
			isa = PBXGroup;
			children = (
				463F5FC629773126003C9E39 /* Endpoint.swift */,
				463F5FC829773144003C9E39 /* HttpClient.swift */,
				463F5FCA2977315C003C9E39 /* RequestError.swift */,
			);
			path = Network;
			sourceTree = "<group>";
		};
		466B99092979C22A00C9F4DF /* Persistence */ = {
			isa = PBXGroup;
			children = (
				466B990A2979C24800C9F4DF /* DataManager.swift */,
				466B990C2979C2A800C9F4DF /* RealmDataManager.swift */,
			);
			path = Persistence;
			sourceTree = "<group>";
		};
		46E1FC8E2979CCCB009FAE81 /* Screens */ = {
			isa = PBXGroup;
			children = (
				46E1FC912979CCDD009FAE81 /* GasStation */,
			);
			path = Screens;
			sourceTree = "<group>";
		};
		46E1FC912979CCDD009FAE81 /* GasStation */ = {
			isa = PBXGroup;
			children = (
				46E1FC8F2979CCDA009FAE81 /* GasStationList.swift */,
				4616F8CF29A0D8FC0040ED6F /* GasStationListViewModel.swift */,
			);
			path = GasStation;
			sourceTree = "<group>";
		};
		46E1FC922979CD5D009FAE81 /* Configuration */ = {
			isa = PBXGroup;
			children = (
				46E1FC932979CD75009FAE81 /* Configuration.xcconfig */,
			);
			path = Configuration;
			sourceTree = "<group>";
		};
		46E1FC962979CE24009FAE81 /* Utils */ = {
			isa = PBXGroup;
			children = (
				46E1FC972979CE4D009FAE81 /* Configuration.swift */,
			);
			path = Utils;
			sourceTree = "<group>";
		};
		46F3890A297C53FC0090A5CB /* Repositories */ = {
			isa = PBXGroup;
			children = (
				46F3890B297C541F0090A5CB /* DefaultGasStationRepository.swift */,
			);
			path = Repositories;
			sourceTree = "<group>";
		};
		46F3890D297C542F0090A5CB /* UseCases */ = {
			isa = PBXGroup;
			children = (
				4616F8CD29A0D6FB0040ED6F /* GetGasStationsUseCase.swift */,
			);
			path = UseCases;
			sourceTree = "<group>";
		};
		46F3890E297C54340090A5CB /* Repositories */ = {
			isa = PBXGroup;
			children = (
				46F3890F297C544A0090A5CB /* GasStationRepository.swift */,
			);
			path = Repositories;
			sourceTree = "<group>";
		};
		46F38911297C576A0090A5CB /* Network */ = {
			isa = PBXGroup;
			children = (
				46F38914297C599A0090A5CB /* GasStation */,
			);
			path = Network;
			sourceTree = "<group>";
		};
		46F38914297C599A0090A5CB /* GasStation */ = {
			isa = PBXGroup;
			children = (
				46F38915297C59A60090A5CB /* DataTransfer */,
				46F38912297C577B0090A5CB /* GasStationEndpoint.swift */,
			);
			path = GasStation;
			sourceTree = "<group>";
		};
		46F38915297C59A60090A5CB /* DataTransfer */ = {
			isa = PBXGroup;
			children = (
				46F38916297C59D10090A5CB /* GetAllResponseDTO.swift */,
			);
			path = DataTransfer;
			sourceTree = "<group>";
		};
		46F38918297C5B0E0090A5CB /* Entities */ = {
			isa = PBXGroup;
			children = (
				46F38919297C5B260090A5CB /* GasStation.swift */,
			);
			path = Entities;
			sourceTree = "<group>";
		};
		46F74A3F296DEFE8002BFF64 = {
			isa = PBXGroup;
			children = (
				46F74A4A296DEFE8002BFF64 /* FuelPump */,
				46F74A49296DEFE8002BFF64 /* Products */,
				0876D39ED2821AAF4EA44378 /* Pods */,
				C838B309F04F4ED471DD80AD /* Frameworks */,
			);
			sourceTree = "<group>";
		};
		46F74A49296DEFE8002BFF64 /* Products */ = {
			isa = PBXGroup;
			children = (
				46F74A48296DEFE8002BFF64 /* FuelPump.app */,
			);
			name = Products;
			sourceTree = "<group>";
		};
		46F74A4A296DEFE8002BFF64 /* FuelPump */ = {
			isa = PBXGroup;
			children = (
				46F74A4D296DEFE8002BFF64 /* ContentView.swift */,
				46F74A4B296DEFE8002BFF64 /* FuelPumpApp.swift */,
				46F74A59296DF7BD002BFF64 /* Data */,
				46F74A5A296DF7C2002BFF64 /* Domain */,
				463F5FC429773105003C9E39 /* Infrastructure */,
				46F74A5B296DF7CA002BFF64 /* Presentation */,
				46F74A51296DEFE9002BFF64 /* Preview Content */,
				46F74A5C296DF7D9002BFF64 /* Resources */,
				46E1FC962979CE24009FAE81 /* Utils */,
			);
			path = FuelPump;
			sourceTree = "<group>";
		};
		46F74A51296DEFE9002BFF64 /* Preview Content */ = {
			isa = PBXGroup;
			children = (
				46F74A52296DEFE9002BFF64 /* Preview Assets.xcassets */,
			);
			path = "Preview Content";
			sourceTree = "<group>";
		};
		46F74A59296DF7BD002BFF64 /* Data */ = {
			isa = PBXGroup;
			children = (
				46F38911297C576A0090A5CB /* Network */,
				46F3890A297C53FC0090A5CB /* Repositories */,
			);
			path = Data;
			sourceTree = "<group>";
		};
		46F74A5A296DF7C2002BFF64 /* Domain */ = {
			isa = PBXGroup;
			children = (
				46F38918297C5B0E0090A5CB /* Entities */,
				46F3890E297C54340090A5CB /* Repositories */,
				46F3890D297C542F0090A5CB /* UseCases */,
			);
			path = Domain;
			sourceTree = "<group>";
		};
		46F74A5B296DF7CA002BFF64 /* Presentation */ = {
			isa = PBXGroup;
			children = (
				46E1FC8E2979CCCB009FAE81 /* Screens */,
			);
			path = Presentation;
			sourceTree = "<group>";
		};
		46F74A5C296DF7D9002BFF64 /* Resources */ = {
			isa = PBXGroup;
			children = (
				46E1FC952979CDDC009FAE81 /* Info.plist */,
				46E1FC922979CD5D009FAE81 /* Configuration */,
				46F74A4F296DEFE9002BFF64 /* Assets.xcassets */,
				46F74A61296DF8D8002BFF64 /* Localizable.strings */,
			);
			path = Resources;
			sourceTree = "<group>";
		};
		C838B309F04F4ED471DD80AD /* Frameworks */ = {
			isa = PBXGroup;
			children = (
				9DBD40EE42B600023C4EEC89 /* Pods_FuelPump.framework */,
			);
			name = Frameworks;
			sourceTree = "<group>";
		};
/* End PBXGroup section */

/* Begin PBXNativeTarget section */
		46F74A47296DEFE8002BFF64 /* FuelPump */ = {
			isa = PBXNativeTarget;
			buildConfigurationList = 46F74A56296DEFE9002BFF64 /* Build configuration list for PBXNativeTarget "FuelPump" */;
			buildPhases = (
				7794E90F5F1CC451EFDE5DC4 /* [CP] Check Pods Manifest.lock */,
				46F74A44296DEFE8002BFF64 /* Sources */,
				46F74A45296DEFE8002BFF64 /* Frameworks */,
				46F74A46296DEFE8002BFF64 /* Resources */,
				261856F51178E15A0EA2CB24 /* [CP] Embed Pods Frameworks */,
			);
			buildRules = (
			);
			dependencies = (
			);
			name = FuelPump;
			productName = FuelPump;
			productReference = 46F74A48296DEFE8002BFF64 /* FuelPump.app */;
			productType = "com.apple.product-type.application";
		};
/* End PBXNativeTarget section */

/* Begin PBXProject section */
		46F74A40296DEFE8002BFF64 /* Project object */ = {
			isa = PBXProject;
			attributes = {
				BuildIndependentTargetsInParallel = 1;
				LastSwiftUpdateCheck = 1400;
				LastUpgradeCheck = 1400;
				TargetAttributes = {
					46F74A47296DEFE8002BFF64 = {
						CreatedOnToolsVersion = 14.0;
					};
				};
			};
			buildConfigurationList = 46F74A43296DEFE8002BFF64 /* Build configuration list for PBXProject "FuelPump" */;
			compatibilityVersion = "Xcode 13.0";
			developmentRegion = en;
			hasScannedForEncodings = 0;
			knownRegions = (
				en,
				Base,
				es,
			);
			mainGroup = 46F74A3F296DEFE8002BFF64;
			productRefGroup = 46F74A49296DEFE8002BFF64 /* Products */;
			projectDirPath = "";
			projectRoot = "";
			targets = (
				46F74A47296DEFE8002BFF64 /* FuelPump */,
			);
		};
/* End PBXProject section */

/* Begin PBXResourcesBuildPhase section */
		46F74A46296DEFE8002BFF64 /* Resources */ = {
			isa = PBXResourcesBuildPhase;
			buildActionMask = 2147483647;
			files = (
				46F74A53296DEFE9002BFF64 /* Preview Assets.xcassets in Resources */,
				46E1FC942979CD75009FAE81 /* Configuration.xcconfig in Resources */,
				46F74A5F296DF8D8002BFF64 /* Localizable.strings in Resources */,
				46F74A50296DEFE9002BFF64 /* Assets.xcassets in Resources */,
			);
			runOnlyForDeploymentPostprocessing = 0;
		};
/* End PBXResourcesBuildPhase section */

/* Begin PBXShellScriptBuildPhase section */
		261856F51178E15A0EA2CB24 /* [CP] Embed Pods Frameworks */ = {
			isa = PBXShellScriptBuildPhase;
			buildActionMask = 2147483647;
			files = (
			);
			inputFileListPaths = (
				"${PODS_ROOT}/Target Support Files/Pods-FuelPump/Pods-FuelPump-frameworks-${CONFIGURATION}-input-files.xcfilelist",
			);
			name = "[CP] Embed Pods Frameworks";
			outputFileListPaths = (
				"${PODS_ROOT}/Target Support Files/Pods-FuelPump/Pods-FuelPump-frameworks-${CONFIGURATION}-output-files.xcfilelist",
			);
			runOnlyForDeploymentPostprocessing = 0;
			shellPath = /bin/sh;
			shellScript = "\"${PODS_ROOT}/Target Support Files/Pods-FuelPump/Pods-FuelPump-frameworks.sh\"\n";
			showEnvVarsInLog = 0;
		};
		7794E90F5F1CC451EFDE5DC4 /* [CP] Check Pods Manifest.lock */ = {
			isa = PBXShellScriptBuildPhase;
			buildActionMask = 2147483647;
			files = (
			);
			inputFileListPaths = (
			);
			inputPaths = (
				"${PODS_PODFILE_DIR_PATH}/Podfile.lock",
				"${PODS_ROOT}/Manifest.lock",
			);
			name = "[CP] Check Pods Manifest.lock";
			outputFileListPaths = (
			);
			outputPaths = (
				"$(DERIVED_FILE_DIR)/Pods-FuelPump-checkManifestLockResult.txt",
			);
			runOnlyForDeploymentPostprocessing = 0;
			shellPath = /bin/sh;
			shellScript = "diff \"${PODS_PODFILE_DIR_PATH}/Podfile.lock\" \"${PODS_ROOT}/Manifest.lock\" > /dev/null\nif [ $? != 0 ] ; then\n    # print error to STDERR\n    echo \"error: The sandbox is not in sync with the Podfile.lock. Run 'pod install' or update your CocoaPods installation.\" >&2\n    exit 1\nfi\n# This output is used by Xcode 'outputs' to avoid re-running this script phase.\necho \"SUCCESS\" > \"${SCRIPT_OUTPUT_FILE_0}\"\n";
			showEnvVarsInLog = 0;
		};
/* End PBXShellScriptBuildPhase section */

/* Begin PBXSourcesBuildPhase section */
		46F74A44296DEFE8002BFF64 /* Sources */ = {
			isa = PBXSourcesBuildPhase;
			buildActionMask = 2147483647;
			files = (
				46F3891A297C5B260090A5CB /* GasStation.swift in Sources */,
				46F38910297C544A0090A5CB /* GasStationRepository.swift in Sources */,
				46E1FC902979CCDA009FAE81 /* GasStationList.swift in Sources */,
				46F74A4E296DEFE8002BFF64 /* ContentView.swift in Sources */,
				466B990B2979C24800C9F4DF /* DataManager.swift in Sources */,
				46E1FC982979CE4D009FAE81 /* Configuration.swift in Sources */,
				46F38917297C59D10090A5CB /* GetAllResponseDTO.swift in Sources */,
				46F38913297C577B0090A5CB /* GasStationEndpoint.swift in Sources */,
				4616F8CE29A0D6FB0040ED6F /* GetGasStationsUseCase.swift in Sources */,
				463F5FCB2977315C003C9E39 /* RequestError.swift in Sources */,
				46F74A4C296DEFE8002BFF64 /* FuelPumpApp.swift in Sources */,
				46F3890C297C541F0090A5CB /* DefaultGasStationRepository.swift in Sources */,
				466B990D2979C2A800C9F4DF /* RealmDataManager.swift in Sources */,
				4616F8D029A0D8FC0040ED6F /* GasStationListViewModel.swift in Sources */,
				463F5FC929773144003C9E39 /* HttpClient.swift in Sources */,
				463F5FC729773126003C9E39 /* Endpoint.swift in Sources */,
			);
			runOnlyForDeploymentPostprocessing = 0;
		};
/* End PBXSourcesBuildPhase section */

/* Begin PBXVariantGroup section */
		46F74A61296DF8D8002BFF64 /* Localizable.strings */ = {
			isa = PBXVariantGroup;
			children = (
				46F74A60296DF8D8002BFF64 /* en */,
				46F74A62296DF8DB002BFF64 /* es */,
			);
			name = Localizable.strings;
			sourceTree = "<group>";
		};
/* End PBXVariantGroup section */

/* Begin XCBuildConfiguration section */
		46F74A54296DEFE9002BFF64 /* Debug */ = {
			isa = XCBuildConfiguration;
			baseConfigurationReference = 46E1FC932979CD75009FAE81 /* Configuration.xcconfig */;
			buildSettings = {
				ALWAYS_SEARCH_USER_PATHS = NO;
				CLANG_ANALYZER_NONNULL = YES;
				CLANG_ANALYZER_NUMBER_OBJECT_CONVERSION = YES_AGGRESSIVE;
				CLANG_CXX_LANGUAGE_STANDARD = "gnu++20";
				CLANG_ENABLE_MODULES = YES;
				CLANG_ENABLE_OBJC_ARC = YES;
				CLANG_ENABLE_OBJC_WEAK = YES;
				CLANG_WARN_BLOCK_CAPTURE_AUTORELEASING = YES;
				CLANG_WARN_BOOL_CONVERSION = YES;
				CLANG_WARN_COMMA = YES;
				CLANG_WARN_CONSTANT_CONVERSION = YES;
				CLANG_WARN_DEPRECATED_OBJC_IMPLEMENTATIONS = YES;
				CLANG_WARN_DIRECT_OBJC_ISA_USAGE = YES_ERROR;
				CLANG_WARN_DOCUMENTATION_COMMENTS = YES;
				CLANG_WARN_EMPTY_BODY = YES;
				CLANG_WARN_ENUM_CONVERSION = YES;
				CLANG_WARN_INFINITE_RECURSION = YES;
				CLANG_WARN_INT_CONVERSION = YES;
				CLANG_WARN_NON_LITERAL_NULL_CONVERSION = YES;
				CLANG_WARN_OBJC_IMPLICIT_RETAIN_SELF = YES;
				CLANG_WARN_OBJC_LITERAL_CONVERSION = YES;
				CLANG_WARN_OBJC_ROOT_CLASS = YES_ERROR;
				CLANG_WARN_QUOTED_INCLUDE_IN_FRAMEWORK_HEADER = YES;
				CLANG_WARN_RANGE_LOOP_ANALYSIS = YES;
				CLANG_WARN_STRICT_PROTOTYPES = YES;
				CLANG_WARN_SUSPICIOUS_MOVE = YES;
				CLANG_WARN_UNGUARDED_AVAILABILITY = YES_AGGRESSIVE;
				CLANG_WARN_UNREACHABLE_CODE = YES;
				CLANG_WARN__DUPLICATE_METHOD_MATCH = YES;
				COPY_PHASE_STRIP = NO;
				DEBUG_INFORMATION_FORMAT = dwarf;
				ENABLE_STRICT_OBJC_MSGSEND = YES;
				ENABLE_TESTABILITY = YES;
				GCC_C_LANGUAGE_STANDARD = gnu11;
				GCC_DYNAMIC_NO_PIC = NO;
				GCC_NO_COMMON_BLOCKS = YES;
				GCC_OPTIMIZATION_LEVEL = 0;
				GCC_PREPROCESSOR_DEFINITIONS = (
					"DEBUG=1",
					"$(inherited)",
				);
				GCC_WARN_64_TO_32_BIT_CONVERSION = YES;
				GCC_WARN_ABOUT_RETURN_TYPE = YES_ERROR;
				GCC_WARN_UNDECLARED_SELECTOR = YES;
				GCC_WARN_UNINITIALIZED_AUTOS = YES_AGGRESSIVE;
				GCC_WARN_UNUSED_FUNCTION = YES;
				GCC_WARN_UNUSED_VARIABLE = YES;
				IPHONEOS_DEPLOYMENT_TARGET = 15.0;
				MTL_ENABLE_DEBUG_INFO = INCLUDE_SOURCE;
				MTL_FAST_MATH = YES;
				ONLY_ACTIVE_ARCH = YES;
				SDKROOT = iphoneos;
				SWIFT_ACTIVE_COMPILATION_CONDITIONS = DEBUG;
				SWIFT_OPTIMIZATION_LEVEL = "-Onone";
			};
			name = Debug;
		};
		46F74A55296DEFE9002BFF64 /* Release */ = {
			isa = XCBuildConfiguration;
			baseConfigurationReference = 46E1FC932979CD75009FAE81 /* Configuration.xcconfig */;
			buildSettings = {
				ALWAYS_SEARCH_USER_PATHS = NO;
				CLANG_ANALYZER_NONNULL = YES;
				CLANG_ANALYZER_NUMBER_OBJECT_CONVERSION = YES_AGGRESSIVE;
				CLANG_CXX_LANGUAGE_STANDARD = "gnu++20";
				CLANG_ENABLE_MODULES = YES;
				CLANG_ENABLE_OBJC_ARC = YES;
				CLANG_ENABLE_OBJC_WEAK = YES;
				CLANG_WARN_BLOCK_CAPTURE_AUTORELEASING = YES;
				CLANG_WARN_BOOL_CONVERSION = YES;
				CLANG_WARN_COMMA = YES;
				CLANG_WARN_CONSTANT_CONVERSION = YES;
				CLANG_WARN_DEPRECATED_OBJC_IMPLEMENTATIONS = YES;
				CLANG_WARN_DIRECT_OBJC_ISA_USAGE = YES_ERROR;
				CLANG_WARN_DOCUMENTATION_COMMENTS = YES;
				CLANG_WARN_EMPTY_BODY = YES;
				CLANG_WARN_ENUM_CONVERSION = YES;
				CLANG_WARN_INFINITE_RECURSION = YES;
				CLANG_WARN_INT_CONVERSION = YES;
				CLANG_WARN_NON_LITERAL_NULL_CONVERSION = YES;
				CLANG_WARN_OBJC_IMPLICIT_RETAIN_SELF = YES;
				CLANG_WARN_OBJC_LITERAL_CONVERSION = YES;
				CLANG_WARN_OBJC_ROOT_CLASS = YES_ERROR;
				CLANG_WARN_QUOTED_INCLUDE_IN_FRAMEWORK_HEADER = YES;
				CLANG_WARN_RANGE_LOOP_ANALYSIS = YES;
				CLANG_WARN_STRICT_PROTOTYPES = YES;
				CLANG_WARN_SUSPICIOUS_MOVE = YES;
				CLANG_WARN_UNGUARDED_AVAILABILITY = YES_AGGRESSIVE;
				CLANG_WARN_UNREACHABLE_CODE = YES;
				CLANG_WARN__DUPLICATE_METHOD_MATCH = YES;
				COPY_PHASE_STRIP = NO;
				DEBUG_INFORMATION_FORMAT = "dwarf-with-dsym";
				ENABLE_NS_ASSERTIONS = NO;
				ENABLE_STRICT_OBJC_MSGSEND = YES;
				GCC_C_LANGUAGE_STANDARD = gnu11;
				GCC_NO_COMMON_BLOCKS = YES;
				GCC_WARN_64_TO_32_BIT_CONVERSION = YES;
				GCC_WARN_ABOUT_RETURN_TYPE = YES_ERROR;
				GCC_WARN_UNDECLARED_SELECTOR = YES;
				GCC_WARN_UNINITIALIZED_AUTOS = YES_AGGRESSIVE;
				GCC_WARN_UNUSED_FUNCTION = YES;
				GCC_WARN_UNUSED_VARIABLE = YES;
				IPHONEOS_DEPLOYMENT_TARGET = 15.0;
				MTL_ENABLE_DEBUG_INFO = NO;
				MTL_FAST_MATH = YES;
				SDKROOT = iphoneos;
				SWIFT_COMPILATION_MODE = wholemodule;
				SWIFT_OPTIMIZATION_LEVEL = "-O";
				VALIDATE_PRODUCT = YES;
			};
			name = Release;
		};
		46F74A57296DEFE9002BFF64 /* Debug */ = {
			isa = XCBuildConfiguration;
			baseConfigurationReference = 17292A1E84FAC8A59E910957 /* Pods-FuelPump.debug.xcconfig */;
			buildSettings = {
				ASSETCATALOG_COMPILER_APPICON_NAME = AppIcon;
				ASSETCATALOG_COMPILER_GLOBAL_ACCENT_COLOR_NAME = AccentColor;
				CODE_SIGN_STYLE = Automatic;
				CURRENT_PROJECT_VERSION = 1;
				DEVELOPMENT_ASSET_PATHS = "\"FuelPump/Preview Content\"";
				DEVELOPMENT_TEAM = HM99275N5A;
				ENABLE_PREVIEWS = YES;
				GENERATE_INFOPLIST_FILE = YES;
				INFOPLIST_FILE = FuelPump/Resources/Info.plist;
				INFOPLIST_KEY_UIApplicationSceneManifest_Generation = YES;
				INFOPLIST_KEY_UIApplicationSupportsIndirectInputEvents = YES;
				INFOPLIST_KEY_UILaunchScreen_Generation = YES;
				INFOPLIST_KEY_UISupportedInterfaceOrientations_iPad = "UIInterfaceOrientationPortrait UIInterfaceOrientationPortraitUpsideDown UIInterfaceOrientationLandscapeLeft UIInterfaceOrientationLandscapeRight";
				INFOPLIST_KEY_UISupportedInterfaceOrientations_iPhone = "UIInterfaceOrientationPortrait UIInterfaceOrientationLandscapeLeft UIInterfaceOrientationLandscapeRight";
				LD_RUNPATH_SEARCH_PATHS = (
					"$(inherited)",
					"@executable_path/Frameworks",
				);
				MARKETING_VERSION = 1.0;
				PRODUCT_BUNDLE_IDENTIFIER = com.josmarcre.FuelPump;
				PRODUCT_NAME = "$(TARGET_NAME)";
				SWIFT_EMIT_LOC_STRINGS = YES;
				SWIFT_VERSION = 5.0;
				TARGETED_DEVICE_FAMILY = "1,2";
			};
			name = Debug;
		};
		46F74A58296DEFE9002BFF64 /* Release */ = {
			isa = XCBuildConfiguration;
			baseConfigurationReference = C53F06939E8113B7B5E23F20 /* Pods-FuelPump.release.xcconfig */;
			buildSettings = {
				ASSETCATALOG_COMPILER_APPICON_NAME = AppIcon;
				ASSETCATALOG_COMPILER_GLOBAL_ACCENT_COLOR_NAME = AccentColor;
				CODE_SIGN_STYLE = Automatic;
				CURRENT_PROJECT_VERSION = 1;
				DEVELOPMENT_ASSET_PATHS = "\"FuelPump/Preview Content\"";
				DEVELOPMENT_TEAM = HM99275N5A;
				ENABLE_PREVIEWS = YES;
				GENERATE_INFOPLIST_FILE = YES;
				INFOPLIST_FILE = FuelPump/Resources/Info.plist;
				INFOPLIST_KEY_UIApplicationSceneManifest_Generation = YES;
				INFOPLIST_KEY_UIApplicationSupportsIndirectInputEvents = YES;
				INFOPLIST_KEY_UILaunchScreen_Generation = YES;
				INFOPLIST_KEY_UISupportedInterfaceOrientations_iPad = "UIInterfaceOrientationPortrait UIInterfaceOrientationPortraitUpsideDown UIInterfaceOrientationLandscapeLeft UIInterfaceOrientationLandscapeRight";
				INFOPLIST_KEY_UISupportedInterfaceOrientations_iPhone = "UIInterfaceOrientationPortrait UIInterfaceOrientationLandscapeLeft UIInterfaceOrientationLandscapeRight";
				LD_RUNPATH_SEARCH_PATHS = (
					"$(inherited)",
					"@executable_path/Frameworks",
				);
				MARKETING_VERSION = 1.0;
				PRODUCT_BUNDLE_IDENTIFIER = com.josmarcre.FuelPump;
				PRODUCT_NAME = "$(TARGET_NAME)";
				SWIFT_EMIT_LOC_STRINGS = YES;
				SWIFT_VERSION = 5.0;
				TARGETED_DEVICE_FAMILY = "1,2";
			};
			name = Release;
		};
/* End XCBuildConfiguration section */

/* Begin XCConfigurationList section */
		46F74A43296DEFE8002BFF64 /* Build configuration list for PBXProject "FuelPump" */ = {
			isa = XCConfigurationList;
			buildConfigurations = (
				46F74A54296DEFE9002BFF64 /* Debug */,
				46F74A55296DEFE9002BFF64 /* Release */,
			);
			defaultConfigurationIsVisible = 0;
			defaultConfigurationName = Release;
		};
		46F74A56296DEFE9002BFF64 /* Build configuration list for PBXNativeTarget "FuelPump" */ = {
			isa = XCConfigurationList;
			buildConfigurations = (
				46F74A57296DEFE9002BFF64 /* Debug */,
				46F74A58296DEFE9002BFF64 /* Release */,
			);
			defaultConfigurationIsVisible = 0;
			defaultConfigurationName = Release;
		};
/* End XCConfigurationList section */
	};
	rootObject = 46F74A40296DEFE8002BFF64 /* Project object */;
}
